
Microsoft Visual Studio Solution File, Format Version 12.00
# Visual Studio Version 17
VisualStudioVersion = 17.11.35327.3
MinimumVisualStudioVersion = 10.0.40219.1
Project("{FAE04EC0-301F-11D3-BF4B-00C04F79EFBC}") = "ZooShop", "ZooShop\ZooShop.csproj", "{562BCE7B-63B2-4F9F-8E91-75C723D9CF2E}"
EndProject
Global
	GlobalSection(SolutionConfigurationPlatforms) = preSolution
		Debug|Any CPU = Debug|Any CPU
		Release|Any CPU = Release|Any CPU
	EndGlobalSection
	GlobalSection(ProjectConfigurationPlatforms) = postSolution
		{562BCE7B-63B2-4F9F-8E91-75C723D9CF2E}.Debug|Any CPU.ActiveCfg = Debug|Any CPU
		{562BCE7B-63B2-4F9F-8E91-75C723D9CF2E}.Debug|Any CPU.Build.0 = Debug|Any CPU
		{562BCE7B-63B2-4F9F-8E91-75C723D9CF2E}.Release|Any CPU.ActiveCfg = Release|Any CPU
		{562BCE7B-63B2-4F9F-8E91-75C723D9CF2E}.Release|Any CPU.Build.0 = Release|Any CPU
	EndGlobalSection
	GlobalSection(SolutionProperties) = preSolution
		HideSolutionNode = FALSE
	EndGlobalSection
	GlobalSection(ExtensibilityGlobals) = postSolution
		SolutionGuid = {8A0D84CA-159F-4F91-B4A7-974F7C753A2F}
	EndGlobalSection
EndGlobal
